// !$*UTF8*$!
{
	archiveVersion = 1;
	classes = {
	};
	objectVersion = 46;
	objects = {

/* Begin PBXBuildFile section */
		C86C33BE1BEC6A02001B2ECD /* main.m in Sources */ = {isa = PBXBuildFile; fileRef = C86C33BD1BEC6A02001B2ECD /* main.m */; };
		C86C33C11BEC6A02001B2ECD /* WMLAppDelegate.m in Sources */ = {isa = PBXBuildFile; fileRef = C86C33C01BEC6A02001B2ECD /* WMLAppDelegate.m */; };
		C86C33C41BEC6A02001B2ECD /* WMLProductListViewController.m in Sources */ = {isa = PBXBuildFile; fileRef = C86C33C31BEC6A02001B2ECD /* WMLProductListViewController.m */; };
		C86C33C71BEC6A02001B2ECD /* WMLProductDetailsViewController.m in Sources */ = {isa = PBXBuildFile; fileRef = C86C33C61BEC6A02001B2ECD /* WMLProductDetailsViewController.m */; };
		C86C33CA1BEC6A02001B2ECD /* Main.storyboard in Resources */ = {isa = PBXBuildFile; fileRef = C86C33C81BEC6A02001B2ECD /* Main.storyboard */; };
		C86C33CC1BEC6A02001B2ECD /* Assets.xcassets in Resources */ = {isa = PBXBuildFile; fileRef = C86C33CB1BEC6A02001B2ECD /* Assets.xcassets */; };
		C86C33CF1BEC6A02001B2ECD /* LaunchScreen.storyboard in Resources */ = {isa = PBXBuildFile; fileRef = C86C33CD1BEC6A02001B2ECD /* LaunchScreen.storyboard */; };
		C86C33DD1BEC6BAE001B2ECD /* WMLObject.m in Sources */ = {isa = PBXBuildFile; fileRef = C86C33D81BEC6BAE001B2ECD /* WMLObject.m */; };
		C86C33DE1BEC6BAE001B2ECD /* WMLRequestDescriptor.m in Sources */ = {isa = PBXBuildFile; fileRef = C86C33DA1BEC6BAE001B2ECD /* WMLRequestDescriptor.m */; };
		C86C33DF1BEC6BAE001B2ECD /* WMLRequestor.m in Sources */ = {isa = PBXBuildFile; fileRef = C86C33DC1BEC6BAE001B2ECD /* WMLRequestor.m */; };
		C86C33E81BEC6EB3001B2ECD /* NSManagedObjectContext+QLIAdditions.m in Sources */ = {isa = PBXBuildFile; fileRef = C86C33E31BEC6EB3001B2ECD /* NSManagedObjectContext+QLIAdditions.m */; };
		C86C33E91BEC6EB3001B2ECD /* WMLDataManager.m in Sources */ = {isa = PBXBuildFile; fileRef = C86C33E51BEC6EB3001B2ECD /* WMLDataManager.m */; };
		C86C33EA1BEC6EB3001B2ECD /* WMLManagedObject.m in Sources */ = {isa = PBXBuildFile; fileRef = C86C33E71BEC6EB3001B2ECD /* WMLManagedObject.m */; };
		C86C33EE1BEC71B4001B2ECD /* Model.xcdatamodeld in Sources */ = {isa = PBXBuildFile; fileRef = C86C33EC1BEC71B4001B2ECD /* Model.xcdatamodeld */; };
		C86C33F31BEC74ED001B2ECD /* _WMLProduct.m in Sources */ = {isa = PBXBuildFile; fileRef = C86C33F01BEC74ED001B2ECD /* _WMLProduct.m */; };
		C86C33F41BEC74ED001B2ECD /* WMLProduct.m in Sources */ = {isa = PBXBuildFile; fileRef = C86C33F21BEC74ED001B2ECD /* WMLProduct.m */; };
		C86C33F81BEC783A001B2ECD /* WMLProductsRequestDescriptor.m in Sources */ = {isa = PBXBuildFile; fileRef = C86C33F71BEC783A001B2ECD /* WMLProductsRequestDescriptor.m */; };
		C86C33FF1BEC80EA001B2ECD /* _WMLProductResponse.m in Sources */ = {isa = PBXBuildFile; fileRef = C86C33FE1BEC80EA001B2ECD /* _WMLProductResponse.m */; };
		C86C34021BEC80F6001B2ECD /* WMLProductResponse.m in Sources */ = {isa = PBXBuildFile; fileRef = C86C34011BEC80F6001B2ECD /* WMLProductResponse.m */; };
		C86C34051BEC85D8001B2ECD /* WMLProductListController.m in Sources */ = {isa = PBXBuildFile; fileRef = C86C34041BEC85D8001B2ECD /* WMLProductListController.m */; };
		C86C34071BEC8E2A001B2ECD /* WMLConstants.m in Sources */ = {isa = PBXBuildFile; fileRef = C86C34061BEC8E29001B2ECD /* WMLConstants.m */; };
		C86C34091BEC95B3001B2ECD /* WMLProductListViewController.xib in Resources */ = {isa = PBXBuildFile; fileRef = C86C34081BEC95B3001B2ECD /* WMLProductListViewController.xib */; };
		C86C340D1BEC9695001B2ECD /* WMLProductCollectionViewCell.m in Sources */ = {isa = PBXBuildFile; fileRef = C86C340B1BEC9695001B2ECD /* WMLProductCollectionViewCell.m */; };
		C86C340E1BEC9695001B2ECD /* WMLProductCollectionViewCell.xib in Resources */ = {isa = PBXBuildFile; fileRef = C86C340C1BEC9695001B2ECD /* WMLProductCollectionViewCell.xib */; };
		C86C34111BECB012001B2ECD /* WMLImageRequestDescriptor.m in Sources */ = {isa = PBXBuildFile; fileRef = C86C34101BECB012001B2ECD /* WMLImageRequestDescriptor.m */; };
		C86C34151BECB8B3001B2ECD /* WMLCollectionReusableView.m in Sources */ = {isa = PBXBuildFile; fileRef = C86C34131BECB8B3001B2ECD /* WMLCollectionReusableView.m */; };
		C86C34161BECB8B3001B2ECD /* WMLCollectionReusableView.xib in Resources */ = {isa = PBXBuildFile; fileRef = C86C34141BECB8B3001B2ECD /* WMLCollectionReusableView.xib */; };
		C86C34181BECBCE7001B2ECD /* WMLProductDetailsViewController.xib in Resources */ = {isa = PBXBuildFile; fileRef = C86C34171BECBCE7001B2ECD /* WMLProductDetailsViewController.xib */; };
/* End PBXBuildFile section */

/* Begin PBXFileReference section */
		C86C33B91BEC6A02001B2ECD /* WalmartDemo.app */ = {isa = PBXFileReference; explicitFileType = wrapper.application; includeInIndex = 0; path = WalmartDemo.app; sourceTree = BUILT_PRODUCTS_DIR; };
		C86C33BD1BEC6A02001B2ECD /* main.m */ = {isa = PBXFileReference; lastKnownFileType = sourcecode.c.objc; path = main.m; sourceTree = "<group>"; };
		C86C33BF1BEC6A02001B2ECD /* WMLAppDelegate.h */ = {isa = PBXFileReference; lastKnownFileType = sourcecode.c.h; path = WMLAppDelegate.h; sourceTree = "<group>"; };
		C86C33C01BEC6A02001B2ECD /* WMLAppDelegate.m */ = {isa = PBXFileReference; lastKnownFileType = sourcecode.c.objc; path = WMLAppDelegate.m; sourceTree = "<group>"; };
		C86C33C21BEC6A02001B2ECD /* WMLProductListViewController.h */ = {isa = PBXFileReference; lastKnownFileType = sourcecode.c.h; path = WMLProductListViewController.h; sourceTree = "<group>"; };
		C86C33C31BEC6A02001B2ECD /* WMLProductListViewController.m */ = {isa = PBXFileReference; lastKnownFileType = sourcecode.c.objc; path = WMLProductListViewController.m; sourceTree = "<group>"; };
		C86C33C51BEC6A02001B2ECD /* WMLProductDetailsViewController.h */ = {isa = PBXFileReference; lastKnownFileType = sourcecode.c.h; path = WMLProductDetailsViewController.h; sourceTree = "<group>"; };
		C86C33C61BEC6A02001B2ECD /* WMLProductDetailsViewController.m */ = {isa = PBXFileReference; lastKnownFileType = sourcecode.c.objc; path = WMLProductDetailsViewController.m; sourceTree = "<group>"; };
		C86C33C91BEC6A02001B2ECD /* Base */ = {isa = PBXFileReference; lastKnownFileType = file.storyboard; name = Base; path = Base.lproj/Main.storyboard; sourceTree = "<group>"; };
		C86C33CB1BEC6A02001B2ECD /* Assets.xcassets */ = {isa = PBXFileReference; lastKnownFileType = folder.assetcatalog; path = Assets.xcassets; sourceTree = "<group>"; };
		C86C33CE1BEC6A02001B2ECD /* Base */ = {isa = PBXFileReference; lastKnownFileType = file.storyboard; name = Base; path = Base.lproj/LaunchScreen.storyboard; sourceTree = "<group>"; };
		C86C33D01BEC6A02001B2ECD /* Info.plist */ = {isa = PBXFileReference; lastKnownFileType = text.plist.xml; path = Info.plist; sourceTree = "<group>"; };
		C86C33D71BEC6BAE001B2ECD /* WMLObject.h */ = {isa = PBXFileReference; fileEncoding = 4; lastKnownFileType = sourcecode.c.h; path = WMLObject.h; sourceTree = "<group>"; };
		C86C33D81BEC6BAE001B2ECD /* WMLObject.m */ = {isa = PBXFileReference; fileEncoding = 4; lastKnownFileType = sourcecode.c.objc; path = WMLObject.m; sourceTree = "<group>"; };
		C86C33D91BEC6BAE001B2ECD /* WMLRequestDescriptor.h */ = {isa = PBXFileReference; fileEncoding = 4; lastKnownFileType = sourcecode.c.h; path = WMLRequestDescriptor.h; sourceTree = "<group>"; };
		C86C33DA1BEC6BAE001B2ECD /* WMLRequestDescriptor.m */ = {isa = PBXFileReference; fileEncoding = 4; lastKnownFileType = sourcecode.c.objc; path = WMLRequestDescriptor.m; sourceTree = "<group>"; };
		C86C33DB1BEC6BAE001B2ECD /* WMLRequestor.h */ = {isa = PBXFileReference; fileEncoding = 4; lastKnownFileType = sourcecode.c.h; path = WMLRequestor.h; sourceTree = "<group>"; };
		C86C33DC1BEC6BAE001B2ECD /* WMLRequestor.m */ = {isa = PBXFileReference; fileEncoding = 4; lastKnownFileType = sourcecode.c.objc; path = WMLRequestor.m; sourceTree = "<group>"; };
		C86C33E21BEC6EB3001B2ECD /* NSManagedObjectContext+QLIAdditions.h */ = {isa = PBXFileReference; fileEncoding = 4; lastKnownFileType = sourcecode.c.h; path = "NSManagedObjectContext+QLIAdditions.h"; sourceTree = "<group>"; };
		C86C33E31BEC6EB3001B2ECD /* NSManagedObjectContext+QLIAdditions.m */ = {isa = PBXFileReference; fileEncoding = 4; lastKnownFileType = sourcecode.c.objc; path = "NSManagedObjectContext+QLIAdditions.m"; sourceTree = "<group>"; };
		C86C33E41BEC6EB3001B2ECD /* WMLDataManager.h */ = {isa = PBXFileReference; fileEncoding = 4; lastKnownFileType = sourcecode.c.h; path = WMLDataManager.h; sourceTree = "<group>"; };
		C86C33E51BEC6EB3001B2ECD /* WMLDataManager.m */ = {isa = PBXFileReference; fileEncoding = 4; lastKnownFileType = sourcecode.c.objc; path = WMLDataManager.m; sourceTree = "<group>"; };
		C86C33E61BEC6EB3001B2ECD /* WMLManagedObject.h */ = {isa = PBXFileReference; fileEncoding = 4; lastKnownFileType = sourcecode.c.h; path = WMLManagedObject.h; sourceTree = "<group>"; };
		C86C33E71BEC6EB3001B2ECD /* WMLManagedObject.m */ = {isa = PBXFileReference; fileEncoding = 4; lastKnownFileType = sourcecode.c.objc; path = WMLManagedObject.m; sourceTree = "<group>"; };
		C86C33ED1BEC71B4001B2ECD /* Model.xcdatamodel */ = {isa = PBXFileReference; lastKnownFileType = wrapper.xcdatamodel; path = Model.xcdatamodel; sourceTree = "<group>"; };
		C86C33EF1BEC74ED001B2ECD /* _WMLProduct.h */ = {isa = PBXFileReference; fileEncoding = 4; lastKnownFileType = sourcecode.c.h; path = _WMLProduct.h; sourceTree = "<group>"; };
		C86C33F01BEC74ED001B2ECD /* _WMLProduct.m */ = {isa = PBXFileReference; fileEncoding = 4; lastKnownFileType = sourcecode.c.objc; path = _WMLProduct.m; sourceTree = "<group>"; };
		C86C33F11BEC74ED001B2ECD /* WMLProduct.h */ = {isa = PBXFileReference; fileEncoding = 4; lastKnownFileType = sourcecode.c.h; path = WMLProduct.h; sourceTree = "<group>"; };
		C86C33F21BEC74ED001B2ECD /* WMLProduct.m */ = {isa = PBXFileReference; fileEncoding = 4; lastKnownFileType = sourcecode.c.objc; path = WMLProduct.m; sourceTree = "<group>"; };
		C86C33F61BEC783A001B2ECD /* WMLProductsRequestDescriptor.h */ = {isa = PBXFileReference; fileEncoding = 4; lastKnownFileType = sourcecode.c.h; path = WMLProductsRequestDescriptor.h; sourceTree = "<group>"; };
		C86C33F71BEC783A001B2ECD /* WMLProductsRequestDescriptor.m */ = {isa = PBXFileReference; fileEncoding = 4; lastKnownFileType = sourcecode.c.objc; path = WMLProductsRequestDescriptor.m; sourceTree = "<group>"; };
		C86C33F91BEC7B37001B2ECD /* WMLConstants.h */ = {isa = PBXFileReference; lastKnownFileType = sourcecode.c.h; path = WMLConstants.h; sourceTree = "<group>"; };
		C86C33FD1BEC80EA001B2ECD /* _WMLProductResponse.h */ = {isa = PBXFileReference; fileEncoding = 4; lastKnownFileType = sourcecode.c.h; path = _WMLProductResponse.h; sourceTree = "<group>"; };
		C86C33FE1BEC80EA001B2ECD /* _WMLProductResponse.m */ = {isa = PBXFileReference; fileEncoding = 4; lastKnownFileType = sourcecode.c.objc; path = _WMLProductResponse.m; sourceTree = "<group>"; };
		C86C34001BEC80F6001B2ECD /* WMLProductResponse.h */ = {isa = PBXFileReference; fileEncoding = 4; lastKnownFileType = sourcecode.c.h; path = WMLProductResponse.h; sourceTree = "<group>"; };
		C86C34011BEC80F6001B2ECD /* WMLProductResponse.m */ = {isa = PBXFileReference; fileEncoding = 4; lastKnownFileType = sourcecode.c.objc; path = WMLProductResponse.m; sourceTree = "<group>"; };
		C86C34031BEC85D8001B2ECD /* WMLProductListController.h */ = {isa = PBXFileReference; fileEncoding = 4; lastKnownFileType = sourcecode.c.h; path = WMLProductListController.h; sourceTree = "<group>"; };
		C86C34041BEC85D8001B2ECD /* WMLProductListController.m */ = {isa = PBXFileReference; fileEncoding = 4; lastKnownFileType = sourcecode.c.objc; path = WMLProductListController.m; sourceTree = "<group>"; };
		C86C34061BEC8E29001B2ECD /* WMLConstants.m */ = {isa = PBXFileReference; fileEncoding = 4; lastKnownFileType = sourcecode.c.objc; path = WMLConstants.m; sourceTree = "<group>"; };
		C86C34081BEC95B3001B2ECD /* WMLProductListViewController.xib */ = {isa = PBXFileReference; fileEncoding = 4; lastKnownFileType = file.xib; path = WMLProductListViewController.xib; sourceTree = "<group>"; };
		C86C340A1BEC9695001B2ECD /* WMLProductCollectionViewCell.h */ = {isa = PBXFileReference; fileEncoding = 4; lastKnownFileType = sourcecode.c.h; path = WMLProductCollectionViewCell.h; sourceTree = "<group>"; };
		C86C340B1BEC9695001B2ECD /* WMLProductCollectionViewCell.m */ = {isa = PBXFileReference; fileEncoding = 4; lastKnownFileType = sourcecode.c.objc; path = WMLProductCollectionViewCell.m; sourceTree = "<group>"; };
		C86C340C1BEC9695001B2ECD /* WMLProductCollectionViewCell.xib */ = {isa = PBXFileReference; fileEncoding = 4; lastKnownFileType = file.xib; path = WMLProductCollectionViewCell.xib; sourceTree = "<group>"; };
		C86C340F1BECB012001B2ECD /* WMLImageRequestDescriptor.h */ = {isa = PBXFileReference; fileEncoding = 4; lastKnownFileType = sourcecode.c.h; path = WMLImageRequestDescriptor.h; sourceTree = "<group>"; };
		C86C34101BECB012001B2ECD /* WMLImageRequestDescriptor.m */ = {isa = PBXFileReference; fileEncoding = 4; lastKnownFileType = sourcecode.c.objc; path = WMLImageRequestDescriptor.m; sourceTree = "<group>"; };
		C86C34121BECB8B3001B2ECD /* WMLCollectionReusableView.h */ = {isa = PBXFileReference; fileEncoding = 4; lastKnownFileType = sourcecode.c.h; path = WMLCollectionReusableView.h; sourceTree = "<group>"; };
		C86C34131BECB8B3001B2ECD /* WMLCollectionReusableView.m */ = {isa = PBXFileReference; fileEncoding = 4; lastKnownFileType = sourcecode.c.objc; path = WMLCollectionReusableView.m; sourceTree = "<group>"; };
		C86C34141BECB8B3001B2ECD /* WMLCollectionReusableView.xib */ = {isa = PBXFileReference; fileEncoding = 4; lastKnownFileType = file.xib; path = WMLCollectionReusableView.xib; sourceTree = "<group>"; };
		C86C34171BECBCE7001B2ECD /* WMLProductDetailsViewController.xib */ = {isa = PBXFileReference; fileEncoding = 4; lastKnownFileType = file.xib; path = WMLProductDetailsViewController.xib; sourceTree = "<group>"; };
/* End PBXFileReference section */

/* Begin PBXFrameworksBuildPhase section */
		C86C33B61BEC6A02001B2ECD /* Frameworks */ = {
			isa = PBXFrameworksBuildPhase;
			buildActionMask = 2147483647;
			files = (
			);
			runOnlyForDeploymentPostprocessing = 0;
		};
/* End PBXFrameworksBuildPhase section */

/* Begin PBXGroup section */
		C86C33B01BEC6A02001B2ECD = {
			isa = PBXGroup;
			children = (
				C86C33BB1BEC6A02001B2ECD /* WalmartDemo */,
				C86C33BA1BEC6A02001B2ECD /* Products */,
			);
			sourceTree = "<group>";
		};
		C86C33BA1BEC6A02001B2ECD /* Products */ = {
			isa = PBXGroup;
			children = (
				C86C33B91BEC6A02001B2ECD /* WalmartDemo.app */,
			);
			name = Products;
			sourceTree = "<group>";
		};
		C86C33BB1BEC6A02001B2ECD /* WalmartDemo */ = {
			isa = PBXGroup;
			children = (
				C86C33D61BEC6BA2001B2ECD /* Base Networking+CoreData */,
				C86C33EB1BEC7190001B2ECD /* Model */,
				C86C33BF1BEC6A02001B2ECD /* WMLAppDelegate.h */,
				C86C33C01BEC6A02001B2ECD /* WMLAppDelegate.m */,
				C86C34031BEC85D8001B2ECD /* WMLProductListController.h */,
				C86C34041BEC85D8001B2ECD /* WMLProductListController.m */,
				C86C33C21BEC6A02001B2ECD /* WMLProductListViewController.h */,
				C86C33C31BEC6A02001B2ECD /* WMLProductListViewController.m */,
				C86C34081BEC95B3001B2ECD /* WMLProductListViewController.xib */,
				C86C34121BECB8B3001B2ECD /* WMLCollectionReusableView.h */,
				C86C34131BECB8B3001B2ECD /* WMLCollectionReusableView.m */,
				C86C34141BECB8B3001B2ECD /* WMLCollectionReusableView.xib */,
				C86C340A1BEC9695001B2ECD /* WMLProductCollectionViewCell.h */,
				C86C340B1BEC9695001B2ECD /* WMLProductCollectionViewCell.m */,
				C86C340C1BEC9695001B2ECD /* WMLProductCollectionViewCell.xib */,
				C86C33C51BEC6A02001B2ECD /* WMLProductDetailsViewController.h */,
				C86C33C61BEC6A02001B2ECD /* WMLProductDetailsViewController.m */,
				C86C34171BECBCE7001B2ECD /* WMLProductDetailsViewController.xib */,
				C86C33C81BEC6A02001B2ECD /* Main.storyboard */,
				C86C33CB1BEC6A02001B2ECD /* Assets.xcassets */,
				C86C33CD1BEC6A02001B2ECD /* LaunchScreen.storyboard */,
				C86C33D01BEC6A02001B2ECD /* Info.plist */,
				C86C33BC1BEC6A02001B2ECD /* Supporting Files */,
			);
			path = WalmartDemo;
			sourceTree = "<group>";
		};
		C86C33BC1BEC6A02001B2ECD /* Supporting Files */ = {
			isa = PBXGroup;
			children = (
				C86C33BD1BEC6A02001B2ECD /* main.m */,
			);
			name = "Supporting Files";
			sourceTree = "<group>";
		};
		C86C33D61BEC6BA2001B2ECD /* Base Networking+CoreData */ = {
			isa = PBXGroup;
			children = (
				C86C33E21BEC6EB3001B2ECD /* NSManagedObjectContext+QLIAdditions.h */,
				C86C33E31BEC6EB3001B2ECD /* NSManagedObjectContext+QLIAdditions.m */,
				C86C33E41BEC6EB3001B2ECD /* WMLDataManager.h */,
				C86C33E51BEC6EB3001B2ECD /* WMLDataManager.m */,
				C86C33E61BEC6EB3001B2ECD /* WMLManagedObject.h */,
				C86C33E71BEC6EB3001B2ECD /* WMLManagedObject.m */,
				C86C33D71BEC6BAE001B2ECD /* WMLObject.h */,
				C86C33D81BEC6BAE001B2ECD /* WMLObject.m */,
				C86C33D91BEC6BAE001B2ECD /* WMLRequestDescriptor.h */,
				C86C33DA1BEC6BAE001B2ECD /* WMLRequestDescriptor.m */,
				C86C33DB1BEC6BAE001B2ECD /* WMLRequestor.h */,
				C86C33DC1BEC6BAE001B2ECD /* WMLRequestor.m */,
			);
			name = "Base Networking+CoreData";
			sourceTree = "<group>";
		};
		C86C33EB1BEC7190001B2ECD /* Model */ = {
			isa = PBXGroup;
			children = (
				C86C33F91BEC7B37001B2ECD /* WMLConstants.h */,
				C86C34061BEC8E29001B2ECD /* WMLConstants.m */,
				C86C33EC1BEC71B4001B2ECD /* Model.xcdatamodeld */,
				C86C33F51BEC74F7001B2ECD /* Generated */,
				C86C34001BEC80F6001B2ECD /* WMLProductResponse.h */,
				C86C34011BEC80F6001B2ECD /* WMLProductResponse.m */,
				C86C33F11BEC74ED001B2ECD /* WMLProduct.h */,
				C86C33F21BEC74ED001B2ECD /* WMLProduct.m */,
				C86C33F61BEC783A001B2ECD /* WMLProductsRequestDescriptor.h */,
				C86C33F71BEC783A001B2ECD /* WMLProductsRequestDescriptor.m */,
				C86C340F1BECB012001B2ECD /* WMLImageRequestDescriptor.h */,
				C86C34101BECB012001B2ECD /* WMLImageRequestDescriptor.m */,
			);
			name = Model;
			sourceTree = "<group>";
		};
		C86C33F51BEC74F7001B2ECD /* Generated */ = {
			isa = PBXGroup;
			children = (
				C86C33FD1BEC80EA001B2ECD /* _WMLProductResponse.h */,
				C86C33FE1BEC80EA001B2ECD /* _WMLProductResponse.m */,
				C86C33EF1BEC74ED001B2ECD /* _WMLProduct.h */,
				C86C33F01BEC74ED001B2ECD /* _WMLProduct.m */,
			);
			name = Generated;
			sourceTree = "<group>";
		};
/* End PBXGroup section */

/* Begin PBXNativeTarget section */
		C86C33B81BEC6A02001B2ECD /* WalmartDemo */ = {
			isa = PBXNativeTarget;
			buildConfigurationList = C86C33D31BEC6A02001B2ECD /* Build configuration list for PBXNativeTarget "WalmartDemo" */;
			buildPhases = (
				C86C33B51BEC6A02001B2ECD /* Sources */,
				C86C33B61BEC6A02001B2ECD /* Frameworks */,
				C86C33B71BEC6A02001B2ECD /* Resources */,
			);
			buildRules = (
			);
			dependencies = (
			);
			name = WalmartDemo;
			productName = WalmartDemo;
			productReference = C86C33B91BEC6A02001B2ECD /* WalmartDemo.app */;
			productType = "com.apple.product-type.application";
		};
/* End PBXNativeTarget section */

/* Begin PBXProject section */
		C86C33B11BEC6A02001B2ECD /* Project object */ = {
			isa = PBXProject;
			attributes = {
				CLASSPREFIX = WML;
				LastUpgradeCheck = 0710;
				ORGANIZATIONNAME = "Aqeel Gunja";
				TargetAttributes = {
					C86C33B81BEC6A02001B2ECD = {
						CreatedOnToolsVersion = 7.1;
					};
				};
			};
			buildConfigurationList = C86C33B41BEC6A02001B2ECD /* Build configuration list for PBXProject "WalmartDemo" */;
			compatibilityVersion = "Xcode 3.2";
			developmentRegion = English;
			hasScannedForEncodings = 0;
			knownRegions = (
				en,
				Base,
			);
			mainGroup = C86C33B01BEC6A02001B2ECD;
			productRefGroup = C86C33BA1BEC6A02001B2ECD /* Products */;
			projectDirPath = "";
			projectRoot = "";
			targets = (
				C86C33B81BEC6A02001B2ECD /* WalmartDemo */,
			);
		};
/* End PBXProject section */

/* Begin PBXResourcesBuildPhase section */
		C86C33B71BEC6A02001B2ECD /* Resources */ = {
			isa = PBXResourcesBuildPhase;
			buildActionMask = 2147483647;
			files = (
				C86C33CF1BEC6A02001B2ECD /* LaunchScreen.storyboard in Resources */,
				C86C34181BECBCE7001B2ECD /* WMLProductDetailsViewController.xib in Resources */,
				C86C33CC1BEC6A02001B2ECD /* Assets.xcassets in Resources */,
				C86C34161BECB8B3001B2ECD /* WMLCollectionReusableView.xib in Resources */,
				C86C340E1BEC9695001B2ECD /* WMLProductCollectionViewCell.xib in Resources */,
				C86C34091BEC95B3001B2ECD /* WMLProductListViewController.xib in Resources */,
				C86C33CA1BEC6A02001B2ECD /* Main.storyboard in Resources */,
			);
			runOnlyForDeploymentPostprocessing = 0;
		};
/* End PBXResourcesBuildPhase section */

/* Begin PBXSourcesBuildPhase section */
		C86C33B51BEC6A02001B2ECD /* Sources */ = {
			isa = PBXSourcesBuildPhase;
			buildActionMask = 2147483647;
			files = (
				C86C33C11BEC6A02001B2ECD /* WMLAppDelegate.m in Sources */,
				C86C33DD1BEC6BAE001B2ECD /* WMLObject.m in Sources */,
				C86C34071BEC8E2A001B2ECD /* WMLConstants.m in Sources */,
				C86C33E81BEC6EB3001B2ECD /* NSManagedObjectContext+QLIAdditions.m in Sources */,
				C86C34051BEC85D8001B2ECD /* WMLProductListController.m in Sources */,
				C86C33F81BEC783A001B2ECD /* WMLProductsRequestDescriptor.m in Sources */,
				C86C33C41BEC6A02001B2ECD /* WMLProductListViewController.m in Sources */,
				C86C33F31BEC74ED001B2ECD /* _WMLProduct.m in Sources */,
				C86C33E91BEC6EB3001B2ECD /* WMLDataManager.m in Sources */,
				C86C34151BECB8B3001B2ECD /* WMLCollectionReusableView.m in Sources */,
				C86C33EA1BEC6EB3001B2ECD /* WMLManagedObject.m in Sources */,
				C86C33DE1BEC6BAE001B2ECD /* WMLRequestDescriptor.m in Sources */,
				C86C33FF1BEC80EA001B2ECD /* _WMLProductResponse.m in Sources */,
				C86C33F41BEC74ED001B2ECD /* WMLProduct.m in Sources */,
				C86C33DF1BEC6BAE001B2ECD /* WMLRequestor.m in Sources */,
				C86C33BE1BEC6A02001B2ECD /* main.m in Sources */,
				C86C340D1BEC9695001B2ECD /* WMLProductCollectionViewCell.m in Sources */,
				C86C33EE1BEC71B4001B2ECD /* Model.xcdatamodeld in Sources */,
				C86C34111BECB012001B2ECD /* WMLImageRequestDescriptor.m in Sources */,
				C86C33C71BEC6A02001B2ECD /* WMLProductDetailsViewController.m in Sources */,
				C86C34021BEC80F6001B2ECD /* WMLProductResponse.m in Sources */,
			);
			runOnlyForDeploymentPostprocessing = 0;
		};
/* End PBXSourcesBuildPhase section */

/* Begin PBXVariantGroup section */
		C86C33C81BEC6A02001B2ECD /* Main.storyboard */ = {
			isa = PBXVariantGroup;
			children = (
				C86C33C91BEC6A02001B2ECD /* Base */,
			);
			name = Main.storyboard;
			sourceTree = "<group>";
		};
		C86C33CD1BEC6A02001B2ECD /* LaunchScreen.storyboard */ = {
			isa = PBXVariantGroup;
			children = (
				C86C33CE1BEC6A02001B2ECD /* Base */,
			);
			name = LaunchScreen.storyboard;
			sourceTree = "<group>";
		};
/* End PBXVariantGroup section */

/* Begin XCBuildConfiguration section */
		C86C33D11BEC6A02001B2ECD /* Debug */ = {
			isa = XCBuildConfiguration;
			buildSettings = {
				ALWAYS_SEARCH_USER_PATHS = NO;
				CLANG_CXX_LANGUAGE_STANDARD = "gnu++0x";
				CLANG_CXX_LIBRARY = "libc++";
				CLANG_ENABLE_MODULES = YES;
				CLANG_ENABLE_OBJC_ARC = YES;
				CLANG_WARN_BOOL_CONVERSION = YES;
				CLANG_WARN_CONSTANT_CONVERSION = YES;
				CLANG_WARN_DIRECT_OBJC_ISA_USAGE = YES_ERROR;
				CLANG_WARN_EMPTY_BODY = YES;
				CLANG_WARN_ENUM_CONVERSION = YES;
				CLANG_WARN_INT_CONVERSION = YES;
				CLANG_WARN_OBJC_ROOT_CLASS = YES_ERROR;
				CLANG_WARN_UNREACHABLE_CODE = YES;
				CLANG_WARN__DUPLICATE_METHOD_MATCH = YES;
				"CODE_SIGN_IDENTITY[sdk=iphoneos*]" = "iPhone Developer";
				COPY_PHASE_STRIP = NO;
				DEBUG_INFORMATION_FORMAT = dwarf;
				ENABLE_STRICT_OBJC_MSGSEND = YES;
				ENABLE_TESTABILITY = YES;
				GCC_C_LANGUAGE_STANDARD = gnu99;
				GCC_DYNAMIC_NO_PIC = NO;
				GCC_NO_COMMON_BLOCKS = YES;
				GCC_OPTIMIZATION_LEVEL = 0;
				GCC_PREPROCESSOR_DEFINITIONS = (
					"DEBUG=1",
					"$(inherited)",
				);
				GCC_WARN_64_TO_32_BIT_CONVERSION = YES;
				GCC_WARN_ABOUT_RETURN_TYPE = YES_ERROR;
				GCC_WARN_UNDECLARED_SELECTOR = YES;
				GCC_WARN_UNINITIALIZED_AUTOS = YES_AGGRESSIVE;
				GCC_WARN_UNUSED_FUNCTION = YES;
				GCC_WARN_UNUSED_VARIABLE = YES;
				IPHONEOS_DEPLOYMENT_TARGET = 9.1;
				MTL_ENABLE_DEBUG_INFO = YES;
				ONLY_ACTIVE_ARCH = YES;
				SDKROOT = iphoneos;
				TARGETED_DEVICE_FAMILY = "1,2";
			};
			name = Debug;
		};
		C86C33D21BEC6A02001B2ECD /* Release */ = {
			isa = XCBuildConfiguration;
			buildSettings = {
				ALWAYS_SEARCH_USER_PATHS = NO;
				CLANG_CXX_LANGUAGE_STANDARD = "gnu++0x";
				CLANG_CXX_LIBRARY = "libc++";
				CLANG_ENABLE_MODULES = YES;
				CLANG_ENABLE_OBJC_ARC = YES;
				CLANG_WARN_BOOL_CONVERSION = YES;
				CLANG_WARN_CONSTANT_CONVERSION = YES;
				CLANG_WARN_DIRECT_OBJC_ISA_USAGE = YES_ERROR;
				CLANG_WARN_EMPTY_BODY = YES;
				CLANG_WARN_ENUM_CONVERSION = YES;
				CLANG_WARN_INT_CONVERSION = YES;
				CLANG_WARN_OBJC_ROOT_CLASS = YES_ERROR;
				CLANG_WARN_UNREACHABLE_CODE = YES;
				CLANG_WARN__DUPLICATE_METHOD_MATCH = YES;
				"CODE_SIGN_IDENTITY[sdk=iphoneos*]" = "iPhone Developer";
				COPY_PHASE_STRIP = NO;
				DEBUG_INFORMATION_FORMAT = "dwarf-with-dsym";
				ENABLE_NS_ASSERTIONS = NO;
				ENABLE_STRICT_OBJC_MSGSEND = YES;
				GCC_C_LANGUAGE_STANDARD = gnu99;
				GCC_NO_COMMON_BLOCKS = YES;
				GCC_WARN_64_TO_32_BIT_CONVERSION = YES;
				GCC_WARN_ABOUT_RETURN_TYPE = YES_ERROR;
				GCC_WARN_UNDECLARED_SELECTOR = YES;
				GCC_WARN_UNINITIALIZED_AUTOS = YES_AGGRESSIVE;
				GCC_WARN_UNUSED_FUNCTION = YES;
				GCC_WARN_UNUSED_VARIABLE = YES;
				IPHONEOS_DEPLOYMENT_TARGET = 9.1;
				MTL_ENABLE_DEBUG_INFO = NO;
				SDKROOT = iphoneos;
				TARGETED_DEVICE_FAMILY = "1,2";
				VALIDATE_PRODUCT = YES;
			};
			name = Release;
		};
		C86C33D41BEC6A02001B2ECD /* Debug */ = {
			isa = XCBuildConfiguration;
			buildSettings = {
				ASSETCATALOG_COMPILER_APPICON_NAME = AppIcon;
				INFOPLIST_FILE = WalmartDemo/Info.plist;
				LD_RUNPATH_SEARCH_PATHS = "$(inherited) @executable_path/Frameworks";
				PRODUCT_BUNDLE_IDENTIFIER = com.aqeel.WalmartDemo;
				PRODUCT_NAME = "$(TARGET_NAME)";
			};
			name = Debug;
		};
		C86C33D51BEC6A02001B2ECD /* Release */ = {
			isa = XCBuildConfiguration;
			buildSettings = {
				ASSETCATALOG_COMPILER_APPICON_NAME = AppIcon;
				INFOPLIST_FILE = WalmartDemo/Info.plist;
				LD_RUNPATH_SEARCH_PATHS = "$(inherited) @executable_path/Frameworks";
				PRODUCT_BUNDLE_IDENTIFIER = com.aqeel.WalmartDemo;
				PRODUCT_NAME = "$(TARGET_NAME)";
			};
			name = Release;
		};
/* End XCBuildConfiguration section */

/* Begin XCConfigurationList section */
		C86C33B41BEC6A02001B2ECD /* Build configuration list for PBXProject "WalmartDemo" */ = {
			isa = XCConfigurationList;
			buildConfigurations = (
				C86C33D11BEC6A02001B2ECD /* Debug */,
				C86C33D21BEC6A02001B2ECD /* Release */,
			);
			defaultConfigurationIsVisible = 0;
			defaultConfigurationName = Release;
		};
		C86C33D31BEC6A02001B2ECD /* Build configuration list for PBXNativeTarget "WalmartDemo" */ = {
			isa = XCConfigurationList;
			buildConfigurations = (
				C86C33D41BEC6A02001B2ECD /* Debug */,
				C86C33D51BEC6A02001B2ECD /* Release */,
			);
			defaultConfigurationIsVisible = 0;
		};
/* End XCConfigurationList section */

/* Begin XCVersionGroup section */
		C86C33EC1BEC71B4001B2ECD /* Model.xcdatamodeld */ = {
			isa = XCVersionGroup;
			children = (
				C86C33ED1BEC71B4001B2ECD /* Model.xcdatamodel */,
			);
			currentVersion = C86C33ED1BEC71B4001B2ECD /* Model.xcdatamodel */;
			path = Model.xcdatamodeld;
			sourceTree = "<group>";
			versionGroupType = wrapper.xcdatamodel;
		};
/* End XCVersionGroup section */
	};
	rootObject = C86C33B11BEC6A02001B2ECD /* Project object */;
}
